// !$*UTF8*$!
{
	archiveVersion = 1;
	classes = {
	};
	objectVersion = 51;
	objects = {

/* Begin PBXBuildFile section */
		5CB18CA9267CC3AFB3AB6EB1 /* Pods_Cool_Chat.framework in Frameworks */ = {isa = PBXBuildFile; fileRef = 8F60BE1553AF6009F991489C /* Pods_Cool_Chat.framework */; };
		5FA6D30323AFEE09008BF6DC /* AppDelegate.swift in Sources */ = {isa = PBXBuildFile; fileRef = 5FA6D30223AFEE09008BF6DC /* AppDelegate.swift */; };
		5FA6D30523AFEE09008BF6DC /* SceneDelegate.swift in Sources */ = {isa = PBXBuildFile; fileRef = 5FA6D30423AFEE09008BF6DC /* SceneDelegate.swift */; };
		5FA6D30723AFEE09008BF6DC /* WelcomeViewController.swift in Sources */ = {isa = PBXBuildFile; fileRef = 5FA6D30623AFEE09008BF6DC /* WelcomeViewController.swift */; };
		5FA6D30A23AFEE09008BF6DC /* Main.storyboard in Resources */ = {isa = PBXBuildFile; fileRef = 5FA6D30823AFEE09008BF6DC /* Main.storyboard */; };
		5FA6D30C23AFEE0C008BF6DC /* Assets.xcassets in Resources */ = {isa = PBXBuildFile; fileRef = 5FA6D30B23AFEE0C008BF6DC /* Assets.xcassets */; };
		5FA6D30F23AFEE0C008BF6DC /* LaunchScreen.storyboard in Resources */ = {isa = PBXBuildFile; fileRef = 5FA6D30D23AFEE0C008BF6DC /* LaunchScreen.storyboard */; };
		5FA6D31A23AFEEA3008BF6DC /* RegisterViewController.swift in Sources */ = {isa = PBXBuildFile; fileRef = 5FA6D31923AFEEA3008BF6DC /* RegisterViewController.swift */; };
		5FA6D31C23AFEEFA008BF6DC /* LoginViewController.swift in Sources */ = {isa = PBXBuildFile; fileRef = 5FA6D31B23AFEEFA008BF6DC /* LoginViewController.swift */; };
		5FA6D31E23AFEF1E008BF6DC /* ChatViewController.swift in Sources */ = {isa = PBXBuildFile; fileRef = 5FA6D31D23AFEF1E008BF6DC /* ChatViewController.swift */; };
		5FE10E7A23B382BA009A592B /* GoogleService-Info.plist in Resources */ = {isa = PBXBuildFile; fileRef = 5FE10E7923B382BA009A592B /* GoogleService-Info.plist */; };
		5FE10E7C23B39650009A592B /* Constants.swift in Sources */ = {isa = PBXBuildFile; fileRef = 5FE10E7B23B39650009A592B /* Constants.swift */; };
		5FE10E8023B3AAC9009A592B /* Message.swift in Sources */ = {isa = PBXBuildFile; fileRef = 5FE10E7F23B3AAC9009A592B /* Message.swift */; };
		5FE10E8323B4CEFA009A592B /* MessageCell.swift in Sources */ = {isa = PBXBuildFile; fileRef = 5FE10E8123B4CEFA009A592B /* MessageCell.swift */; };
		5FE10E8423B4CEFA009A592B /* MessageCell.xib in Resources */ = {isa = PBXBuildFile; fileRef = 5FE10E8223B4CEFA009A592B /* MessageCell.xib */; };
/* End PBXBuildFile section */

/* Begin PBXFileReference section */
		5FA6D2FF23AFEE09008BF6DC /* Cool Chat.app */ = {isa = PBXFileReference; explicitFileType = wrapper.application; includeInIndex = 0; path = "Cool Chat.app"; sourceTree = BUILT_PRODUCTS_DIR; };
		5FA6D30223AFEE09008BF6DC /* AppDelegate.swift */ = {isa = PBXFileReference; lastKnownFileType = sourcecode.swift; path = AppDelegate.swift; sourceTree = "<group>"; };
		5FA6D30423AFEE09008BF6DC /* SceneDelegate.swift */ = {isa = PBXFileReference; lastKnownFileType = sourcecode.swift; path = SceneDelegate.swift; sourceTree = "<group>"; };
		5FA6D30623AFEE09008BF6DC /* WelcomeViewController.swift */ = {isa = PBXFileReference; lastKnownFileType = sourcecode.swift; path = WelcomeViewController.swift; sourceTree = "<group>"; };
		5FA6D30923AFEE09008BF6DC /* Base */ = {isa = PBXFileReference; lastKnownFileType = file.storyboard; name = Base; path = Base.lproj/Main.storyboard; sourceTree = "<group>"; };
		5FA6D30B23AFEE0C008BF6DC /* Assets.xcassets */ = {isa = PBXFileReference; lastKnownFileType = folder.assetcatalog; path = Assets.xcassets; sourceTree = "<group>"; };
		5FA6D30E23AFEE0C008BF6DC /* Base */ = {isa = PBXFileReference; lastKnownFileType = file.storyboard; name = Base; path = Base.lproj/LaunchScreen.storyboard; sourceTree = "<group>"; };
		5FA6D31023AFEE0C008BF6DC /* Info.plist */ = {isa = PBXFileReference; lastKnownFileType = text.plist.xml; path = Info.plist; sourceTree = "<group>"; };
		5FA6D31923AFEEA3008BF6DC /* RegisterViewController.swift */ = {isa = PBXFileReference; lastKnownFileType = sourcecode.swift; path = RegisterViewController.swift; sourceTree = "<group>"; };
		5FA6D31B23AFEEFA008BF6DC /* LoginViewController.swift */ = {isa = PBXFileReference; lastKnownFileType = sourcecode.swift; path = LoginViewController.swift; sourceTree = "<group>"; };
		5FA6D31D23AFEF1E008BF6DC /* ChatViewController.swift */ = {isa = PBXFileReference; lastKnownFileType = sourcecode.swift; path = ChatViewController.swift; sourceTree = "<group>"; };
		5FE10E7923B382BA009A592B /* GoogleService-Info.plist */ = {isa = PBXFileReference; fileEncoding = 4; lastKnownFileType = text.plist.xml; path = "GoogleService-Info.plist"; sourceTree = "<group>"; };
		5FE10E7B23B39650009A592B /* Constants.swift */ = {isa = PBXFileReference; lastKnownFileType = sourcecode.swift; path = Constants.swift; sourceTree = "<group>"; };
		5FE10E7F23B3AAC9009A592B /* Message.swift */ = {isa = PBXFileReference; lastKnownFileType = sourcecode.swift; path = Message.swift; sourceTree = "<group>"; };
		5FE10E8123B4CEFA009A592B /* MessageCell.swift */ = {isa = PBXFileReference; lastKnownFileType = sourcecode.swift; path = MessageCell.swift; sourceTree = "<group>"; };
		5FE10E8223B4CEFA009A592B /* MessageCell.xib */ = {isa = PBXFileReference; lastKnownFileType = file.xib; path = MessageCell.xib; sourceTree = "<group>"; };
		8F60BE1553AF6009F991489C /* Pods_Cool_Chat.framework */ = {isa = PBXFileReference; explicitFileType = wrapper.framework; includeInIndex = 0; path = Pods_Cool_Chat.framework; sourceTree = BUILT_PRODUCTS_DIR; };
		AA6291B21D48E786F6DF4E81 /* Pods-Cool Chat.release.xcconfig */ = {isa = PBXFileReference; includeInIndex = 1; lastKnownFileType = text.xcconfig; name = "Pods-Cool Chat.release.xcconfig"; path = "Target Support Files/Pods-Cool Chat/Pods-Cool Chat.release.xcconfig"; sourceTree = "<group>"; };
		F630ACBE0639A7C4CD940547 /* Pods-Cool Chat.debug.xcconfig */ = {isa = PBXFileReference; includeInIndex = 1; lastKnownFileType = text.xcconfig; name = "Pods-Cool Chat.debug.xcconfig"; path = "Target Support Files/Pods-Cool Chat/Pods-Cool Chat.debug.xcconfig"; sourceTree = "<group>"; };
/* End PBXFileReference section */

/* Begin PBXFrameworksBuildPhase section */
		5FA6D2FC23AFEE09008BF6DC /* Frameworks */ = {
			isa = PBXFrameworksBuildPhase;
			buildActionMask = 2147483647;
			files = (
				5CB18CA9267CC3AFB3AB6EB1 /* Pods_Cool_Chat.framework in Frameworks */,
			);
			runOnlyForDeploymentPostprocessing = 0;
		};
/* End PBXFrameworksBuildPhase section */

/* Begin PBXGroup section */
		31B92ECBB8A05A6D2AD753B4 /* Pods */ = {
			isa = PBXGroup;
			children = (
				F630ACBE0639A7C4CD940547 /* Pods-Cool Chat.debug.xcconfig */,
				AA6291B21D48E786F6DF4E81 /* Pods-Cool Chat.release.xcconfig */,
			);
			path = Pods;
			sourceTree = "<group>";
		};
		5FA6D2F623AFEE09008BF6DC = {
			isa = PBXGroup;
			children = (
				5FA6D30123AFEE09008BF6DC /* Cool Chat */,
				5FA6D30023AFEE09008BF6DC /* Products */,
				31B92ECBB8A05A6D2AD753B4 /* Pods */,
				E5B1641EB0636C749B077DA7 /* Frameworks */,
			);
			sourceTree = "<group>";
		};
		5FA6D30023AFEE09008BF6DC /* Products */ = {
			isa = PBXGroup;
			children = (
				5FA6D2FF23AFEE09008BF6DC /* Cool Chat.app */,
			);
			name = Products;
			sourceTree = "<group>";
		};
		5FA6D30123AFEE09008BF6DC /* Cool Chat */ = {
			isa = PBXGroup;
			children = (
				5FA6D30223AFEE09008BF6DC /* AppDelegate.swift */,
				5FA6D30423AFEE09008BF6DC /* SceneDelegate.swift */,
				5FA6D31623AFEE38008BF6DC /* Models */,
				5FA6D31723AFEE43008BF6DC /* Views */,
				5FA6D31823AFEE4C008BF6DC /* Controllers */,
				5FA6D30B23AFEE0C008BF6DC /* Assets.xcassets */,
				5FA6D30D23AFEE0C008BF6DC /* LaunchScreen.storyboard */,
				5FA6D31023AFEE0C008BF6DC /* Info.plist */,
				5FE10E7923B382BA009A592B /* GoogleService-Info.plist */,
			);
			path = "Cool Chat";
			sourceTree = "<group>";
		};
		5FA6D31623AFEE38008BF6DC /* Models */ = {
			isa = PBXGroup;
			children = (
				5FE10E7B23B39650009A592B /* Constants.swift */,
				5FE10E7F23B3AAC9009A592B /* Message.swift */,
			);
			path = Models;
			sourceTree = "<group>";
		};
		5FA6D31723AFEE43008BF6DC /* Views */ = {
			isa = PBXGroup;
			children = (
				5FA6D30823AFEE09008BF6DC /* Main.storyboard */,
				5FE10E8123B4CEFA009A592B /* MessageCell.swift */,
				5FE10E8223B4CEFA009A592B /* MessageCell.xib */,
			);
			path = Views;
			sourceTree = "<group>";
		};
		5FA6D31823AFEE4C008BF6DC /* Controllers */ = {
			isa = PBXGroup;
			children = (
				5FA6D30623AFEE09008BF6DC /* WelcomeViewController.swift */,
				5FA6D31923AFEEA3008BF6DC /* RegisterViewController.swift */,
				5FA6D31B23AFEEFA008BF6DC /* LoginViewController.swift */,
				5FA6D31D23AFEF1E008BF6DC /* ChatViewController.swift */,
			);
			path = Controllers;
			sourceTree = "<group>";
		};
		E5B1641EB0636C749B077DA7 /* Frameworks */ = {
			isa = PBXGroup;
			children = (
				8F60BE1553AF6009F991489C /* Pods_Cool_Chat.framework */,
			);
			name = Frameworks;
			sourceTree = "<group>";
		};
/* End PBXGroup section */

/* Begin PBXNativeTarget section */
		5FA6D2FE23AFEE09008BF6DC /* Cool Chat */ = {
			isa = PBXNativeTarget;
			buildConfigurationList = 5FA6D31323AFEE0C008BF6DC /* Build configuration list for PBXNativeTarget "Cool Chat" */;
			buildPhases = (
				E872F6D62699A924D475AA9F /* [CP] Check Pods Manifest.lock */,
				5FA6D2FB23AFEE09008BF6DC /* Sources */,
				5FA6D2FC23AFEE09008BF6DC /* Frameworks */,
				5FA6D2FD23AFEE09008BF6DC /* Resources */,
				E2E0EF715DD215EAE341CA24 /* [CP] Embed Pods Frameworks */,
			);
			buildRules = (
			);
			dependencies = (
			);
			name = "Cool Chat";
			productName = "Cool Chat";
			productReference = 5FA6D2FF23AFEE09008BF6DC /* Cool Chat.app */;
			productType = "com.apple.product-type.application";
		};
/* End PBXNativeTarget section */

/* Begin PBXProject section */
		5FA6D2F723AFEE09008BF6DC /* Project object */ = {
			isa = PBXProject;
			attributes = {
				LastSwiftUpdateCheck = 1130;
				LastUpgradeCheck = 1130;
				ORGANIZATIONNAME = "Paweł Kozioł";
				TargetAttributes = {
					5FA6D2FE23AFEE09008BF6DC = {
						CreatedOnToolsVersion = 11.3;
					};
				};
			};
			buildConfigurationList = 5FA6D2FA23AFEE09008BF6DC /* Build configuration list for PBXProject "Cool Chat" */;
			compatibilityVersion = "Xcode 9.3";
			developmentRegion = en;
			hasScannedForEncodings = 0;
			knownRegions = (
				en,
				Base,
			);
			mainGroup = 5FA6D2F623AFEE09008BF6DC;
			productRefGroup = 5FA6D30023AFEE09008BF6DC /* Products */;
			projectDirPath = "";
			projectRoot = "";
			targets = (
				5FA6D2FE23AFEE09008BF6DC /* Cool Chat */,
			);
		};
/* End PBXProject section */

/* Begin PBXResourcesBuildPhase section */
		5FA6D2FD23AFEE09008BF6DC /* Resources */ = {
			isa = PBXResourcesBuildPhase;
			buildActionMask = 2147483647;
			files = (
				5FE10E8423B4CEFA009A592B /* MessageCell.xib in Resources */,
				5FA6D30F23AFEE0C008BF6DC /* LaunchScreen.storyboard in Resources */,
				5FE10E7A23B382BA009A592B /* GoogleService-Info.plist in Resources */,
				5FA6D30C23AFEE0C008BF6DC /* Assets.xcassets in Resources */,
				5FA6D30A23AFEE09008BF6DC /* Main.storyboard in Resources */,
			);
			runOnlyForDeploymentPostprocessing = 0;
		};
/* End PBXResourcesBuildPhase section */

/* Begin PBXShellScriptBuildPhase section */
		E2E0EF715DD215EAE341CA24 /* [CP] Embed Pods Frameworks */ = {
			isa = PBXShellScriptBuildPhase;
			buildActionMask = 2147483647;
			files = (
			);
			inputFileListPaths = (
				"${PODS_ROOT}/Target Support Files/Pods-Cool Chat/Pods-Cool Chat-frameworks-${CONFIGURATION}-input-files.xcfilelist",
			);
			name = "[CP] Embed Pods Frameworks";
			outputFileListPaths = (
				"${PODS_ROOT}/Target Support Files/Pods-Cool Chat/Pods-Cool Chat-frameworks-${CONFIGURATION}-output-files.xcfilelist",
			);
			runOnlyForDeploymentPostprocessing = 0;
			shellPath = /bin/sh;
			shellScript = "\"${PODS_ROOT}/Target Support Files/Pods-Cool Chat/Pods-Cool Chat-frameworks.sh\"\n";
			showEnvVarsInLog = 0;
		};
		E872F6D62699A924D475AA9F /* [CP] Check Pods Manifest.lock */ = {
			isa = PBXShellScriptBuildPhase;
			buildActionMask = 2147483647;
			files = (
			);
			inputFileListPaths = (
			);
			inputPaths = (
				"${PODS_PODFILE_DIR_PATH}/Podfile.lock",
				"${PODS_ROOT}/Manifest.lock",
			);
			name = "[CP] Check Pods Manifest.lock";
			outputFileListPaths = (
			);
			outputPaths = (
				"$(DERIVED_FILE_DIR)/Pods-Cool Chat-checkManifestLockResult.txt",
			);
			runOnlyForDeploymentPostprocessing = 0;
			shellPath = /bin/sh;
			shellScript = "diff \"${PODS_PODFILE_DIR_PATH}/Podfile.lock\" \"${PODS_ROOT}/Manifest.lock\" > /dev/null\nif [ $? != 0 ] ; then\n    # print error to STDERR\n    echo \"error: The sandbox is not in sync with the Podfile.lock. Run 'pod install' or update your CocoaPods installation.\" >&2\n    exit 1\nfi\n# This output is used by Xcode 'outputs' to avoid re-running this script phase.\necho \"SUCCESS\" > \"${SCRIPT_OUTPUT_FILE_0}\"\n";
			showEnvVarsInLog = 0;
		};
/* End PBXShellScriptBuildPhase section */

/* Begin PBXSourcesBuildPhase section */
		5FA6D2FB23AFEE09008BF6DC /* Sources */ = {
			isa = PBXSourcesBuildPhase;
			buildActionMask = 2147483647;
			files = (
				5FA6D30723AFEE09008BF6DC /* WelcomeViewController.swift in Sources */,
				5FA6D30323AFEE09008BF6DC /* AppDelegate.swift in Sources */,
				5FA6D30523AFEE09008BF6DC /* SceneDelegate.swift in Sources */,
				5FA6D31C23AFEEFA008BF6DC /* LoginViewController.swift in Sources */,
				5FE10E7C23B39650009A592B /* Constants.swift in Sources */,
				5FE10E8023B3AAC9009A592B /* Message.swift in Sources */,
				5FA6D31E23AFEF1E008BF6DC /* ChatViewController.swift in Sources */,
				5FA6D31A23AFEEA3008BF6DC /* RegisterViewController.swift in Sources */,
				5FE10E8323B4CEFA009A592B /* MessageCell.swift in Sources */,
			);
			runOnlyForDeploymentPostprocessing = 0;
		};
/* End PBXSourcesBuildPhase section */

/* Begin PBXVariantGroup section */
		5FA6D30823AFEE09008BF6DC /* Main.storyboard */ = {
			isa = PBXVariantGroup;
			children = (
				5FA6D30923AFEE09008BF6DC /* Base */,
			);
			name = Main.storyboard;
			sourceTree = "<group>";
		};
		5FA6D30D23AFEE0C008BF6DC /* LaunchScreen.storyboard */ = {
			isa = PBXVariantGroup;
			children = (
				5FA6D30E23AFEE0C008BF6DC /* Base */,
			);
			name = LaunchScreen.storyboard;
			sourceTree = "<group>";
		};
/* End PBXVariantGroup section */

/* Begin XCBuildConfiguration section */
		5FA6D31123AFEE0C008BF6DC /* Debug */ = {
			isa = XCBuildConfiguration;
			buildSettings = {
				ALWAYS_SEARCH_USER_PATHS = NO;
				CLANG_ANALYZER_NONNULL = YES;
				CLANG_ANALYZER_NUMBER_OBJECT_CONVERSION = YES_AGGRESSIVE;
				CLANG_CXX_LANGUAGE_STANDARD = "gnu++14";
				CLANG_CXX_LIBRARY = "libc++";
				CLANG_ENABLE_MODULES = YES;
				CLANG_ENABLE_OBJC_ARC = YES;
				CLANG_ENABLE_OBJC_WEAK = YES;
				CLANG_WARN_BLOCK_CAPTURE_AUTORELEASING = YES;
				CLANG_WARN_BOOL_CONVERSION = YES;
				CLANG_WARN_COMMA = YES;
				CLANG_WARN_CONSTANT_CONVERSION = YES;
				CLANG_WARN_DEPRECATED_OBJC_IMPLEMENTATIONS = YES;
				CLANG_WARN_DIRECT_OBJC_ISA_USAGE = YES_ERROR;
				CLANG_WARN_DOCUMENTATION_COMMENTS = YES;
				CLANG_WARN_EMPTY_BODY = YES;
				CLANG_WARN_ENUM_CONVERSION = YES;
				CLANG_WARN_INFINITE_RECURSION = YES;
				CLANG_WARN_INT_CONVERSION = YES;
				CLANG_WARN_NON_LITERAL_NULL_CONVERSION = YES;
				CLANG_WARN_OBJC_IMPLICIT_RETAIN_SELF = YES;
				CLANG_WARN_OBJC_LITERAL_CONVERSION = YES;
				CLANG_WARN_OBJC_ROOT_CLASS = YES_ERROR;
				CLANG_WARN_RANGE_LOOP_ANALYSIS = YES;
				CLANG_WARN_STRICT_PROTOTYPES = YES;
				CLANG_WARN_SUSPICIOUS_MOVE = YES;
				CLANG_WARN_UNGUARDED_AVAILABILITY = YES_AGGRESSIVE;
				CLANG_WARN_UNREACHABLE_CODE = YES;
				CLANG_WARN__DUPLICATE_METHOD_MATCH = YES;
				COPY_PHASE_STRIP = NO;
				DEBUG_INFORMATION_FORMAT = dwarf;
				ENABLE_STRICT_OBJC_MSGSEND = YES;
				ENABLE_TESTABILITY = YES;
				GCC_C_LANGUAGE_STANDARD = gnu11;
				GCC_DYNAMIC_NO_PIC = NO;
				GCC_NO_COMMON_BLOCKS = YES;
				GCC_OPTIMIZATION_LEVEL = 0;
				GCC_PREPROCESSOR_DEFINITIONS = (
					"DEBUG=1",
					"$(inherited)",
				);
				GCC_WARN_64_TO_32_BIT_CONVERSION = YES;
				GCC_WARN_ABOUT_RETURN_TYPE = YES_ERROR;
				GCC_WARN_UNDECLARED_SELECTOR = YES;
				GCC_WARN_UNINITIALIZED_AUTOS = YES_AGGRESSIVE;
				GCC_WARN_UNUSED_FUNCTION = YES;
				GCC_WARN_UNUSED_VARIABLE = YES;
				IPHONEOS_DEPLOYMENT_TARGET = 13.2;
				MTL_ENABLE_DEBUG_INFO = INCLUDE_SOURCE;
				MTL_FAST_MATH = YES;
				ONLY_ACTIVE_ARCH = YES;
				SDKROOT = iphoneos;
				SWIFT_ACTIVE_COMPILATION_CONDITIONS = DEBUG;
				SWIFT_OPTIMIZATION_LEVEL = "-Onone";
			};
			name = Debug;
		};
		5FA6D31223AFEE0C008BF6DC /* Release */ = {
			isa = XCBuildConfiguration;
			buildSettings = {
				ALWAYS_SEARCH_USER_PATHS = NO;
				CLANG_ANALYZER_NONNULL = YES;
				CLANG_ANALYZER_NUMBER_OBJECT_CONVERSION = YES_AGGRESSIVE;
				CLANG_CXX_LANGUAGE_STANDARD = "gnu++14";
				CLANG_CXX_LIBRARY = "libc++";
				CLANG_ENABLE_MODULES = YES;
				CLANG_ENABLE_OBJC_ARC = YES;
				CLANG_ENABLE_OBJC_WEAK = YES;
				CLANG_WARN_BLOCK_CAPTURE_AUTORELEASING = YES;
				CLANG_WARN_BOOL_CONVERSION = YES;
				CLANG_WARN_COMMA = YES;
				CLANG_WARN_CONSTANT_CONVERSION = YES;
				CLANG_WARN_DEPRECATED_OBJC_IMPLEMENTATIONS = YES;
				CLANG_WARN_DIRECT_OBJC_ISA_USAGE = YES_ERROR;
				CLANG_WARN_DOCUMENTATION_COMMENTS = YES;
				CLANG_WARN_EMPTY_BODY = YES;
				CLANG_WARN_ENUM_CONVERSION = YES;
				CLANG_WARN_INFINITE_RECURSION = YES;
				CLANG_WARN_INT_CONVERSION = YES;
				CLANG_WARN_NON_LITERAL_NULL_CONVERSION = YES;
				CLANG_WARN_OBJC_IMPLICIT_RETAIN_SELF = YES;
				CLANG_WARN_OBJC_LITERAL_CONVERSION = YES;
				CLANG_WARN_OBJC_ROOT_CLASS = YES_ERROR;
				CLANG_WARN_RANGE_LOOP_ANALYSIS = YES;
				CLANG_WARN_STRICT_PROTOTYPES = YES;
				CLANG_WARN_SUSPICIOUS_MOVE = YES;
				CLANG_WARN_UNGUARDED_AVAILABILITY = YES_AGGRESSIVE;
				CLANG_WARN_UNREACHABLE_CODE = YES;
				CLANG_WARN__DUPLICATE_METHOD_MATCH = YES;
				COPY_PHASE_STRIP = NO;
				DEBUG_INFORMATION_FORMAT = "dwarf-with-dsym";
				ENABLE_NS_ASSERTIONS = NO;
				ENABLE_STRICT_OBJC_MSGSEND = YES;
				GCC_C_LANGUAGE_STANDARD = gnu11;
				GCC_NO_COMMON_BLOCKS = YES;
				GCC_WARN_64_TO_32_BIT_CONVERSION = YES;
				GCC_WARN_ABOUT_RETURN_TYPE = YES_ERROR;
				GCC_WARN_UNDECLARED_SELECTOR = YES;
				GCC_WARN_UNINITIALIZED_AUTOS = YES_AGGRESSIVE;
				GCC_WARN_UNUSED_FUNCTION = YES;
				GCC_WARN_UNUSED_VARIABLE = YES;
				IPHONEOS_DEPLOYMENT_TARGET = 13.2;
				MTL_ENABLE_DEBUG_INFO = NO;
				MTL_FAST_MATH = YES;
				SDKROOT = iphoneos;
				SWIFT_COMPILATION_MODE = wholemodule;
				SWIFT_OPTIMIZATION_LEVEL = "-O";
				VALIDATE_PRODUCT = YES;
			};
			name = Release;
		};
		5FA6D31423AFEE0C008BF6DC /* Debug */ = {
			isa = XCBuildConfiguration;
			baseConfigurationReference = F630ACBE0639A7C4CD940547 /* Pods-Cool Chat.debug.xcconfig */;
			buildSettings = {
				ASSETCATALOG_COMPILER_APPICON_NAME = AppIcon;
				CODE_SIGN_STYLE = Automatic;
				DEVELOPMENT_TEAM = 7KLRM5P4S7;
				INFOPLIST_FILE = "Cool Chat/Info.plist";
				LD_RUNPATH_SEARCH_PATHS = (
					"$(inherited)",
					"@executable_path/Frameworks",
				);
				PRODUCT_BUNDLE_IDENTIFIER = "com.pawelkoziol.Cool-Chat";
				PRODUCT_NAME = "$(TARGET_NAME)";
				SWIFT_VERSION = 5.0;
				TARGETED_DEVICE_FAMILY = "1,2";
			};
			name = Debug;
		};
		5FA6D31523AFEE0C008BF6DC /* Release */ = {
			isa = XCBuildConfiguration;
			baseConfigurationReference = AA6291B21D48E786F6DF4E81 /* Pods-Cool Chat.release.xcconfig */;
			buildSettings = {
				ASSETCATALOG_COMPILER_APPICON_NAME = AppIcon;
				CODE_SIGN_STYLE = Automatic;
				DEVELOPMENT_TEAM = 7KLRM5P4S7;
				INFOPLIST_FILE = "Cool Chat/Info.plist";
				LD_RUNPATH_SEARCH_PATHS = (
					"$(inherited)",
					"@executable_path/Frameworks",
				);
				PRODUCT_BUNDLE_IDENTIFIER = "com.pawelkoziol.Cool-Chat";
				PRODUCT_NAME = "$(TARGET_NAME)";
				SWIFT_VERSION = 5.0;
				TARGETED_DEVICE_FAMILY = "1,2";
			};
			name = Release;
		};
/* End XCBuildConfiguration section */

/* Begin XCConfigurationList section */
		5FA6D2FA23AFEE09008BF6DC /* Build configuration list for PBXProject "Cool Chat" */ = {
			isa = XCConfigurationList;
			buildConfigurations = (
				5FA6D31123AFEE0C008BF6DC /* Debug */,
				5FA6D31223AFEE0C008BF6DC /* Release */,
			);
			defaultConfigurationIsVisible = 0;
			defaultConfigurationName = Release;
		};
		5FA6D31323AFEE0C008BF6DC /* Build configuration list for PBXNativeTarget "Cool Chat" */ = {
			isa = XCConfigurationList;
			buildConfigurations = (
				5FA6D31423AFEE0C008BF6DC /* Debug */,
				5FA6D31523AFEE0C008BF6DC /* Release */,
			);
			defaultConfigurationIsVisible = 0;
			defaultConfigurationName = Release;
		};
/* End XCConfigurationList section */
	};
	rootObject = 5FA6D2F723AFEE09008BF6DC /* Project object */;
}
